
Microsoft Visual Studio Solution File, Format Version 12.00
# Visual Studio 2012
Project("{FAE04EC0-301F-11D3-BF4B-00C04F79EFBC}") = "DNA.Web", "DNA.Mvc.Web\DNA.Web.csproj", "{F0F643DA-FD9F-4112-8FF6-91F372217AF9}"
EndProject
Project("{2150E333-8FDC-42A3-9474-1A3956D46DE8}") = "Foundation", "Foundation", "{4220006C-979C-4E12-BCB2-8AE06A566A1E}"
EndProject
Project("{2150E333-8FDC-42A3-9474-1A3956D46DE8}") = "Modules", "Modules", "{11D34D9B-257D-4709-A6B9-5C0F8EF4C87F}"
EndProject
Project("{FAE04EC0-301F-11D3-BF4B-00C04F79EFBC}") = "DNA.Web.ComponentModel", "Foundation\DNA.Mvc.ComponentModel\DNA.Web.ComponentModel.csproj", "{55EA3594-E3CA-474A-928F-BDB457737CD7}"
EndProject
Project("{FAE04EC0-301F-11D3-BF4B-00C04F79EFBC}") = "DNA.Web.DataModel", "Foundation\DNA.Mvc.Data\DNA.Web.DataModel.csproj", "{B9807B5A-5055-4455-88C2-814D0FC8A0F0}"
EndProject
Project("{FAE04EC0-301F-11D3-BF4B-00C04F79EFBC}") = "DNA.Web.Data.Entity", "Foundation\DNA.Mvc.Data.Entity\DNA.Web.Data.Entity.csproj", "{49B18971-37DB-423A-A981-26DC65AAF2AE}"
EndProject
Project("{FAE04EC0-301F-11D3-BF4B-00C04F79EFBC}") = "DNA.Data.Schema", "Foundation\DNA.Mvc.Data.Schema\DNA.Data.Schema.csproj", "{AD87EE33-3A55-4EB6-9EBE-C594C3FF117B}"
EndProject
Project("{FAE04EC0-301F-11D3-BF4B-00C04F79EFBC}") = "DNA.Web.Infrastructure", "Foundation\DNA.Mvc.Infrastructure\DNA.Web.Infrastructure.csproj", "{DA00B217-68FC-4BDD-A39B-A4E161090BEA}"
EndProject
Project("{FAE04EC0-301F-11D3-BF4B-00C04F79EFBC}") = "DNA.Web.ServiceModel", "Foundation\DNA.Mvc.ServiceModel\DNA.Web.ServiceModel.csproj", "{C672E308-1373-4DCE-A7B6-53EAF98FD86A}"
EndProject
Project("{FAE04EC0-301F-11D3-BF4B-00C04F79EFBC}") = "DNA.Web.WebAPIs", "Foundation\DNA.Mvc.WebAPIs\DNA.Web.WebAPIs.csproj", "{1210274D-5F5B-4129-9A99-70F9224503E5}"
EndProject
Project("{FAE04EC0-301F-11D3-BF4B-00C04F79EFBC}") = "DNA.Sitemap", "Foundation\DNA.Sitemap\DNA.Sitemap.csproj", "{EADFE7DB-7681-4CF0-992C-A00C15BC726A}"
EndProject
Project("{FAE04EC0-301F-11D3-BF4B-00C04F79EFBC}") = "DNA.Xml.Solutions", "Foundation\DNA.Xml.Solutions\DNA.Xml.Solutions.csproj", "{93A93C4C-3BEF-4411-9B46-A9F9809B5504}"
EndProject
Project("{FAE04EC0-301F-11D3-BF4B-00C04F79EFBC}") = "DNA.Xml.Widgets", "Foundation\DNA.Xml.Widgets\DNA.Xml.Widgets.csproj", "{585E30B9-E871-4CB6-B2CA-3585E663D9FD}"
EndProject
Project("{2150E333-8FDC-42A3-9474-1A3956D46DE8}") = ".nuget", ".nuget", "{9BEFCF9D-F8E6-41DD-87A8-3709DCE3F876}"
	ProjectSection(SolutionItems) = preProject
		.nuget\NuGet.Config = .nuget\NuGet.Config
		.nuget\NuGet.exe = .nuget\NuGet.exe
		.nuget\NuGet.targets = .nuget\NuGet.targets
	EndProjectSection
EndProject
Project("{FAE04EC0-301F-11D3-BF4B-00C04F79EFBC}") = "DNA.Modules.Utilities", "Modules\DNA.Modules.Utilities\DNA.Modules.Utilities.csproj", "{E09EE440-BC0C-4CEA-AF3A-3F824D908451}"
EndProject
Project("{FAE04EC0-301F-11D3-BF4B-00C04F79EFBC}") = "DNA.Modules.LogViewer", "Modules\DNA.Modules.LogViewer\DNA.Modules.LogViewer.csproj", "{1C091494-C8BF-4B48-9FE6-14A52600ED69}"
EndProject
Project("{FAE04EC0-301F-11D3-BF4B-00C04F79EFBC}") = "DNA.Modules.TaskManager", "Modules\DNA.Modules.TaskManager\DNA.Modules.TaskManager.csproj", "{82D46AB2-AEA6-426F-9716-8056989CFE88}"
EndProject
Project("{FAE04EC0-301F-11D3-BF4B-00C04F79EFBC}") = "DNA.Modules.Searching", "Modules\DNA.Modules.SearchEngine\DNA.Modules.Searching.csproj", "{2B113046-9C5F-453A-BDC3-471CB11A4316}"
EndProject
Project("{FAE04EC0-301F-11D3-BF4B-00C04F79EFBC}") = "DNA.Modules.WebManager", "Modules\DNA.Modules.WebManager\DNA.Modules.WebManager.csproj", "{9E843665-778E-47EF-9922-89C3198B0FE8}"
EndProject
Global
	GlobalSection(SolutionConfigurationPlatforms) = preSolution
		Debug|Any CPU = Debug|Any CPU
		Release|Any CPU = Release|Any CPU
	EndGlobalSection
	GlobalSection(ProjectConfigurationPlatforms) = postSolution
		{F0F643DA-FD9F-4112-8FF6-91F372217AF9}.Debug|Any CPU.ActiveCfg = Debug|Any CPU
		{F0F643DA-FD9F-4112-8FF6-91F372217AF9}.Debug|Any CPU.Build.0 = Debug|Any CPU
		{F0F643DA-FD9F-4112-8FF6-91F372217AF9}.Release|Any CPU.ActiveCfg = Release|Any CPU
		{F0F643DA-FD9F-4112-8FF6-91F372217AF9}.Release|Any CPU.Build.0 = Release|Any CPU
		{55EA3594-E3CA-474A-928F-BDB457737CD7}.Debug|Any CPU.ActiveCfg = Debug|Any CPU
		{55EA3594-E3CA-474A-928F-BDB457737CD7}.Debug|Any CPU.Build.0 = Debug|Any CPU
		{55EA3594-E3CA-474A-928F-BDB457737CD7}.Release|Any CPU.ActiveCfg = Release|Any CPU
		{55EA3594-E3CA-474A-928F-BDB457737CD7}.Release|Any CPU.Build.0 = Release|Any CPU
		{B9807B5A-5055-4455-88C2-814D0FC8A0F0}.Debug|Any CPU.ActiveCfg = Debug|Any CPU
		{B9807B5A-5055-4455-88C2-814D0FC8A0F0}.Debug|Any CPU.Build.0 = Debug|Any CPU
		{B9807B5A-5055-4455-88C2-814D0FC8A0F0}.Release|Any CPU.ActiveCfg = Release|Any CPU
		{B9807B5A-5055-4455-88C2-814D0FC8A0F0}.Release|Any CPU.Build.0 = Release|Any CPU
		{49B18971-37DB-423A-A981-26DC65AAF2AE}.Debug|Any CPU.ActiveCfg = Debug|Any CPU
		{49B18971-37DB-423A-A981-26DC65AAF2AE}.Debug|Any CPU.Build.0 = Debug|Any CPU
		{49B18971-37DB-423A-A981-26DC65AAF2AE}.Release|Any CPU.ActiveCfg = Release|Any CPU
		{49B18971-37DB-423A-A981-26DC65AAF2AE}.Release|Any CPU.Build.0 = Release|Any CPU
		{AD87EE33-3A55-4EB6-9EBE-C594C3FF117B}.Debug|Any CPU.ActiveCfg = Debug|Any CPU
		{AD87EE33-3A55-4EB6-9EBE-C594C3FF117B}.Debug|Any CPU.Build.0 = Debug|Any CPU
		{AD87EE33-3A55-4EB6-9EBE-C594C3FF117B}.Release|Any CPU.ActiveCfg = Release|Any CPU
		{AD87EE33-3A55-4EB6-9EBE-C594C3FF117B}.Release|Any CPU.Build.0 = Release|Any CPU
		{DA00B217-68FC-4BDD-A39B-A4E161090BEA}.Debug|Any CPU.ActiveCfg = Debug|Any CPU
		{DA00B217-68FC-4BDD-A39B-A4E161090BEA}.Debug|Any CPU.Build.0 = Debug|Any CPU
		{DA00B217-68FC-4BDD-A39B-A4E161090BEA}.Release|Any CPU.ActiveCfg = Release|Any CPU
		{DA00B217-68FC-4BDD-A39B-A4E161090BEA}.Release|Any CPU.Build.0 = Release|Any CPU
		{C672E308-1373-4DCE-A7B6-53EAF98FD86A}.Debug|Any CPU.ActiveCfg = Debug|Any CPU
		{C672E308-1373-4DCE-A7B6-53EAF98FD86A}.Debug|Any CPU.Build.0 = Debug|Any CPU
		{C672E308-1373-4DCE-A7B6-53EAF98FD86A}.Release|Any CPU.ActiveCfg = Release|Any CPU
		{C672E308-1373-4DCE-A7B6-53EAF98FD86A}.Release|Any CPU.Build.0 = Release|Any CPU
		{1210274D-5F5B-4129-9A99-70F9224503E5}.Debug|Any CPU.ActiveCfg = Debug|Any CPU
		{1210274D-5F5B-4129-9A99-70F9224503E5}.Debug|Any CPU.Build.0 = Debug|Any CPU
		{1210274D-5F5B-4129-9A99-70F9224503E5}.Release|Any CPU.ActiveCfg = Release|Any CPU
		{1210274D-5F5B-4129-9A99-70F9224503E5}.Release|Any CPU.Build.0 = Release|Any CPU
		{EADFE7DB-7681-4CF0-992C-A00C15BC726A}.Debug|Any CPU.ActiveCfg = Debug|Any CPU
		{EADFE7DB-7681-4CF0-992C-A00C15BC726A}.Debug|Any CPU.Build.0 = Debug|Any CPU
		{EADFE7DB-7681-4CF0-992C-A00C15BC726A}.Release|Any CPU.ActiveCfg = Release|Any CPU
		{EADFE7DB-7681-4CF0-992C-A00C15BC726A}.Release|Any CPU.Build.0 = Release|Any CPU
		{93A93C4C-3BEF-4411-9B46-A9F9809B5504}.Debug|Any CPU.ActiveCfg = Debug|Any CPU
		{93A93C4C-3BEF-4411-9B46-A9F9809B5504}.Debug|Any CPU.Build.0 = Debug|Any CPU
		{93A93C4C-3BEF-4411-9B46-A9F9809B5504}.Release|Any CPU.ActiveCfg = Release|Any CPU
		{93A93C4C-3BEF-4411-9B46-A9F9809B5504}.Release|Any CPU.Build.0 = Release|Any CPU
		{585E30B9-E871-4CB6-B2CA-3585E663D9FD}.Debug|Any CPU.ActiveCfg = Debug|Any CPU
		{585E30B9-E871-4CB6-B2CA-3585E663D9FD}.Debug|Any CPU.Build.0 = Debug|Any CPU
		{585E30B9-E871-4CB6-B2CA-3585E663D9FD}.Release|Any CPU.ActiveCfg = Release|Any CPU
		{585E30B9-E871-4CB6-B2CA-3585E663D9FD}.Release|Any CPU.Build.0 = Release|Any CPU
		{E09EE440-BC0C-4CEA-AF3A-3F824D908451}.Debug|Any CPU.ActiveCfg = Debug|Any CPU
		{E09EE440-BC0C-4CEA-AF3A-3F824D908451}.Debug|Any CPU.Build.0 = Debug|Any CPU
		{E09EE440-BC0C-4CEA-AF3A-3F824D908451}.Release|Any CPU.ActiveCfg = Release|Any CPU
		{E09EE440-BC0C-4CEA-AF3A-3F824D908451}.Release|Any CPU.Build.0 = Release|Any CPU
		{1C091494-C8BF-4B48-9FE6-14A52600ED69}.Debug|Any CPU.ActiveCfg = Debug|Any CPU
		{1C091494-C8BF-4B48-9FE6-14A52600ED69}.Debug|Any CPU.Build.0 = Debug|Any CPU
		{1C091494-C8BF-4B48-9FE6-14A52600ED69}.Release|Any CPU.ActiveCfg = Release|Any CPU
		{1C091494-C8BF-4B48-9FE6-14A52600ED69}.Release|Any CPU.Build.0 = Release|Any CPU
		{82D46AB2-AEA6-426F-9716-8056989CFE88}.Debug|Any CPU.ActiveCfg = Debug|Any CPU
		{82D46AB2-AEA6-426F-9716-8056989CFE88}.Debug|Any CPU.Build.0 = Debug|Any CPU
		{82D46AB2-AEA6-426F-9716-8056989CFE88}.Release|Any CPU.ActiveCfg = Release|Any CPU
		{82D46AB2-AEA6-426F-9716-8056989CFE88}.Release|Any CPU.Build.0 = Release|Any CPU
		{2B113046-9C5F-453A-BDC3-471CB11A4316}.Debug|Any CPU.ActiveCfg = Debug|Any CPU
		{2B113046-9C5F-453A-BDC3-471CB11A4316}.Debug|Any CPU.Build.0 = Debug|Any CPU
		{2B113046-9C5F-453A-BDC3-471CB11A4316}.Release|Any CPU.ActiveCfg = Release|Any CPU
		{2B113046-9C5F-453A-BDC3-471CB11A4316}.Release|Any CPU.Build.0 = Release|Any CPU
		{9E843665-778E-47EF-9922-89C3198B0FE8}.Debug|Any CPU.ActiveCfg = Debug|Any CPU
		{9E843665-778E-47EF-9922-89C3198B0FE8}.Debug|Any CPU.Build.0 = Debug|Any CPU
		{9E843665-778E-47EF-9922-89C3198B0FE8}.Release|Any CPU.ActiveCfg = Release|Any CPU
		{9E843665-778E-47EF-9922-89C3198B0FE8}.Release|Any CPU.Build.0 = Release|Any CPU
	EndGlobalSection
	GlobalSection(SolutionProperties) = preSolution
		HideSolutionNode = FALSE
	EndGlobalSection
	GlobalSection(NestedProjects) = preSolution
		{55EA3594-E3CA-474A-928F-BDB457737CD7} = {4220006C-979C-4E12-BCB2-8AE06A566A1E}
		{B9807B5A-5055-4455-88C2-814D0FC8A0F0} = {4220006C-979C-4E12-BCB2-8AE06A566A1E}
		{49B18971-37DB-423A-A981-26DC65AAF2AE} = {4220006C-979C-4E12-BCB2-8AE06A566A1E}
		{AD87EE33-3A55-4EB6-9EBE-C594C3FF117B} = {4220006C-979C-4E12-BCB2-8AE06A566A1E}
		{DA00B217-68FC-4BDD-A39B-A4E161090BEA} = {4220006C-979C-4E12-BCB2-8AE06A566A1E}
		{C672E308-1373-4DCE-A7B6-53EAF98FD86A} = {4220006C-979C-4E12-BCB2-8AE06A566A1E}
		{1210274D-5F5B-4129-9A99-70F9224503E5} = {4220006C-979C-4E12-BCB2-8AE06A566A1E}
		{EADFE7DB-7681-4CF0-992C-A00C15BC726A} = {4220006C-979C-4E12-BCB2-8AE06A566A1E}
		{93A93C4C-3BEF-4411-9B46-A9F9809B5504} = {4220006C-979C-4E12-BCB2-8AE06A566A1E}
		{585E30B9-E871-4CB6-B2CA-3585E663D9FD} = {4220006C-979C-4E12-BCB2-8AE06A566A1E}
		{E09EE440-BC0C-4CEA-AF3A-3F824D908451} = {11D34D9B-257D-4709-A6B9-5C0F8EF4C87F}
		{1C091494-C8BF-4B48-9FE6-14A52600ED69} = {11D34D9B-257D-4709-A6B9-5C0F8EF4C87F}
		{82D46AB2-AEA6-426F-9716-8056989CFE88} = {11D34D9B-257D-4709-A6B9-5C0F8EF4C87F}
		{2B113046-9C5F-453A-BDC3-471CB11A4316} = {11D34D9B-257D-4709-A6B9-5C0F8EF4C87F}
		{9E843665-778E-47EF-9922-89C3198B0FE8} = {11D34D9B-257D-4709-A6B9-5C0F8EF4C87F}
	EndGlobalSection
EndGlobal
